{
    "name": "bash.origin.modules",
    "version": "0.1.27",
    "lockfileVersion": 1,
    "requires": true,
    "dependencies": {
        "JSV": {
            "version": "4.0.2",
            "resolved": "https://registry.npmjs.org/JSV/-/JSV-4.0.2.tgz",
            "integrity": "sha1-0Hf2glVx+CEy+d/67Vh7QCn+/1c="
        },
        "ansi-styles": {
            "version": "1.0.0",
            "resolved": "https://registry.npmjs.org/ansi-styles/-/ansi-styles-1.0.0.tgz",
            "integrity": "sha1-yxAt8cVvUSPquLZ817mAJ6AnkXg="
        },
        "bash.origin": {
            "version": "0.1.75",
            "resolved": "https://registry.npmjs.org/bash.origin/-/bash.origin-0.1.75.tgz",
            "integrity": "sha512-7hdrmIDGsAIY9rQ91VOemhlDWZ8F8FIITotjFuIwYCDTIS44lLgLNdHwpl/7IYA1MN91n7DQUTX+UAAinyPevg=="
        },
        "bash.origin.workspace": {
            "version": "0.2.37",
            "resolved": "https://registry.npmjs.org/bash.origin.workspace/-/bash.origin.workspace-0.2.37.tgz",
            "integrity": "sha512-iTu34qzcDk5THQam7JCVtfHYzJ4ylK5/VaUeNWCYa95Yo9FFO71yy2qkK4+xc9oFwrlF85TVNmjgxjuQei3lOg==",
            "dev": true,
            "requires": {
                "bash.origin": "0.1.75"
            }
        },
        "bluebird": {
            "version": "3.5.1",
            "resolved": "https://registry.npmjs.org/bluebird/-/bluebird-3.5.1.tgz",
            "integrity": "sha512-MKiLiV+I1AA596t9w1sQJ8jkiSr5+ZKi0WKrYGUn6d1Fx+Ij4tIj+m2WMQSGczs5jZVxV339chE8iwk6F64wjA=="
        },
        "chalk": {
            "version": "0.4.0",
            "resolved": "https://registry.npmjs.org/chalk/-/chalk-0.4.0.tgz",
            "integrity": "sha1-UZmj3c0MHv4jvAjBsCewYXbgxk8=",
            "requires": {
                "ansi-styles": "1.0.0",
                "has-color": "0.1.7",
                "strip-ansi": "0.1.1"
            }
        },
        "codeblock": {
            "version": "0.3.7",
            "resolved": "https://registry.npmjs.org/codeblock/-/codeblock-0.3.7.tgz",
            "integrity": "sha512-Vtfz2SDS6xi7bCe56XdleEjd1cpj7pspNFAdCImjzX3Z4xpVwVlRGkZSRby+bDcwAjSejEwMPYB3BOXb7ItqXA==",
            "requires": {
                "bash.origin": "0.1.75",
                "escape-string-regexp": "1.0.5",
                "esprima": "3.1.3",
                "jsonlint": "1.6.2",
                "resolve": "1.5.0",
                "traverse": "0.6.6"
            }
        },
        "escape-regexp": {
            "version": "0.0.1",
            "resolved": "https://registry.npmjs.org/escape-regexp/-/escape-regexp-0.0.1.tgz",
            "integrity": "sha1-9EvaEtRbvfnLf4Yu5+SCez3TIlQ="
        },
        "escape-string-regexp": {
            "version": "1.0.5",
            "resolved": "https://registry.npmjs.org/escape-string-regexp/-/escape-string-regexp-1.0.5.tgz",
            "integrity": "sha1-G2HAViGQqN/2rjuyzwIAyhMLhtQ="
        },
        "esprima": {
            "version": "3.1.3",
            "resolved": "https://registry.npmjs.org/esprima/-/esprima-3.1.3.tgz",
            "integrity": "sha1-/cpRzuYTOJXjyI1TXOSdv/YqRjM="
        },
        "fs-extra": {
            "version": "4.0.2",
            "resolved": "https://registry.npmjs.org/fs-extra/-/fs-extra-4.0.2.tgz",
            "integrity": "sha1-+RcExT0bRh+JNFKwwwfZmXZHq2s=",
            "requires": {
                "graceful-fs": "4.1.11",
                "jsonfile": "4.0.0",
                "universalify": "0.1.1"
            }
        },
        "graceful-fs": {
            "version": "4.1.11",
            "resolved": "https://registry.npmjs.org/graceful-fs/-/graceful-fs-4.1.11.tgz",
            "integrity": "sha1-Dovf5NHduIVNZOBOp8AOKgJuVlg="
        },
        "has-color": {
            "version": "0.1.7",
            "resolved": "https://registry.npmjs.org/has-color/-/has-color-0.1.7.tgz",
            "integrity": "sha1-ZxRKUmDDT8PMpnfQQdr1L+e3iy8="
        },
        "jsonfile": {
            "version": "4.0.0",
            "resolved": "https://registry.npmjs.org/jsonfile/-/jsonfile-4.0.0.tgz",
            "integrity": "sha1-h3Gq4HmbZAdrdmQPygWPnBDjPss=",
            "requires": {
                "graceful-fs": "4.1.11"
            }
        },
        "jsonlint": {
            "version": "1.6.2",
            "resolved": "https://registry.npmjs.org/jsonlint/-/jsonlint-1.6.2.tgz",
            "integrity": "sha1-VzcEUIX1XrRVxosf9OvAG9UOiDA=",
            "requires": {
                "JSV": "4.0.2",
                "nomnom": "1.8.1"
            }
        },
        "minimist": {
            "version": "1.2.0",
            "resolved": "https://registry.npmjs.org/minimist/-/minimist-1.2.0.tgz",
            "integrity": "sha1-o1AIsg9BOD7sH7kU9M1d95omQoQ="
        },
        "nomnom": {
            "version": "1.8.1",
            "resolved": "https://registry.npmjs.org/nomnom/-/nomnom-1.8.1.tgz",
            "integrity": "sha1-IVH3Ikcrp55Qp2/BJbuMjy5Nwqc=",
            "requires": {
                "chalk": "0.4.0",
                "underscore": "1.6.0"
            }
        },
        "path-parse": {
            "version": "1.0.5",
            "resolved": "https://registry.npmjs.org/path-parse/-/path-parse-1.0.5.tgz",
            "integrity": "sha1-PBrfhx6pzWyUMbbqK9dKD/BVxME="
        },
        "resolve": {
            "version": "1.5.0",
            "resolved": "https://registry.npmjs.org/resolve/-/resolve-1.5.0.tgz",
            "integrity": "sha512-hgoSGrc3pjzAPHNBg+KnFcK2HwlHTs/YrAGUr6qgTVUZmXv1UEXXl0bZNBKMA9fud6lRYFdPGz0xXxycPzmmiw==",
            "requires": {
                "path-parse": "1.0.5"
            }
        },
        "strip-ansi": {
            "version": "0.1.1",
            "resolved": "https://registry.npmjs.org/strip-ansi/-/strip-ansi-0.1.1.tgz",
            "integrity": "sha1-OeipjQRNFQZgq+SmgIrPcLt7yZE="
        },
        "traverse": {
            "version": "0.6.6",
            "resolved": "https://registry.npmjs.org/traverse/-/traverse-0.6.6.tgz",
            "integrity": "sha1-y99WD9e5r2MlAv7UD5GMFX6pcTc="
        },
        "underscore": {
            "version": "1.6.0",
            "resolved": "https://registry.npmjs.org/underscore/-/underscore-1.6.0.tgz",
            "integrity": "sha1-izixDKze9jM3uLJOT/htRa6lKag="
        },
        "universalify": {
            "version": "0.1.1",
            "resolved": "https://registry.npmjs.org/universalify/-/universalify-0.1.1.tgz",
            "integrity": "sha1-+nG63UQ3r0wUiEHjs7Fl+enlkLc="
        },
        "uuid": {
            "version": "3.1.0",
            "resolved": "https://registry.npmjs.org/uuid/-/uuid-3.1.0.tgz",
            "integrity": "sha512-DIWtzUkw04M4k3bf1IcpS2tngXEL26YUD2M0tMDUpnUrz2hgzUBlD55a4FjdLGPvfHxS6uluGWvaVEqgBcVa+g=="
        }
    }
}
