{
    "name": "bash.origin.modules",
    "version": "0.1.25",
    "lockfileVersion": 1,
    "requires": true,
    "dependencies": {
        "bash.origin.workspace": {
            "version": "0.2.19",
            "resolved": "https://registry.npmjs.org/bash.origin.workspace/-/bash.origin.workspace-0.2.19.tgz",
            "integrity": "sha512-tGGwhd8aJ6gVf1MecJdB4xP1p9myog7auvlES64z8UcUwoJfrujOqSGdLas9jwOiwP94/NxzMzIsHmJzewewYg==",
            "requires": {
                "bash.origin": "0.1.74"
            },
            "dependencies": {
                "bash.origin": {
                    "version": "0.1.74",
                    "resolved": "https://registry.npmjs.org/bash.origin/-/bash.origin-0.1.74.tgz",
                    "integrity": "sha1-2JlkTrIRSfDCuOrZSV1NE/FUnC8="
                }
            }
        }
    }
}
